
Microsoft Visual Studio Solution File, Format Version 12.00
# Visual Studio Version 17
VisualStudioVersion = 17.14.36623.8 d17.14
MinimumVisualStudioVersion = 10.0.40219.1
Project("{FAE04EC0-301F-11D3-BF4B-00C04F79EFBC}") = "TripTailorSimple.WPF", "TripTailorSimple.WPF\TripTailorSimple.WPF.csproj", "{0F2B8C3F-9447-4B4A-9CF3-B30F0A9C3F9C}"
EndProject
Global
	GlobalSection(SolutionConfigurationPlatforms) = preSolution
		Debug|Any CPU = Debug|Any CPU
		Release|Any CPU = Release|Any CPU
	EndGlobalSection
	GlobalSection(ProjectConfigurationPlatforms) = postSolution
		{0F2B8C3F-9447-4B4A-9CF3-B30F0A9C3F9C}.Debug|Any CPU.ActiveCfg = Debug|Any CPU
		{0F2B8C3F-9447-4B4A-9CF3-B30F0A9C3F9C}.Debug|Any CPU.Build.0 = Debug|Any CPU
		{0F2B8C3F-9447-4B4A-9CF3-B30F0A9C3F9C}.Release|Any CPU.ActiveCfg = Release|Any CPU
		{0F2B8C3F-9447-4B4A-9CF3-B30F0A9C3F9C}.Release|Any CPU.Build.0 = Release|Any CPU
	EndGlobalSection
	GlobalSection(SolutionProperties) = preSolution
		HideSolutionNode = FALSE
	EndGlobalSection
	GlobalSection(ExtensibilityGlobals) = postSolution
		SolutionGuid = {62F10D00-00CE-4EE7-8139-471037AB716A}
	EndGlobalSection
EndGlobal
